
Microsoft Visual Studio Solution File, Format Version 12.00
# Visual Studio Version 17
VisualStudioVersion = 17.0.31903.59
MinimumVisualStudioVersion = 10.0.40219.1
Project("{FAE04EC0-301F-11D3-BF4B-00C04F79EFBC}") = "Jarvis.App", "src\Jarvis.App\Jarvis.App.csproj", "{A0D89D7D-7C0E-4E5A-A6EA-7E2E57B7D1F0}"
EndProject
Project("{FAE04EC0-301F-11D3-BF4B-00C04F79EFBC}") = "Jarvis.Core", "src\Jarvis.Core\Jarvis.Core.csproj", "{F90A34D2-1B46-4D0B-9FAE-9D5C8AFB3B20}"
EndProject
Project("{FAE04EC0-301F-11D3-BF4B-00C04F79EFBC}") = "Jarvis.Contracts", "src\Jarvis.Contracts\Jarvis.Contracts.csproj", "{C773C8D5-1C4E-4E6F-9E5C-97C2E830A2CF}"
EndProject
Project("{FAE04EC0-301F-11D3-BF4B-00C04F79EFBC}") = "Jarvis.Infrastructure", "src\Jarvis.Infrastructure\Jarvis.Infrastructure.csproj", "{1F74EE0D-52EE-4E0C-9445-8D4A3E6E5DBA}"
EndProject
Project("{FAE04EC0-301F-11D3-BF4B-00C04F79EFBC}") = "Jarvis.Voice", "src\Jarvis.Voice\Jarvis.Voice.csproj", "{836B4E79-025C-4FBD-A63E-0A8F97B6D941}"
EndProject
Project("{FAE04EC0-301F-11D3-BF4B-00C04F79EFBC}") = "Jarvis.Voice.Tests", "src\Jarvis.Voice.Tests\Jarvis.Voice.Tests.csproj", "{44A503A1-D727-423E-9475-47393E73CA6B}"
EndProject
Project("{FAE04EC0-301F-11D3-BF4B-00C04F79EFBC}") = "Jarvis.Gate1", "src\Jarvis.Gate1\Jarvis.Gate1.csproj", "{4593D766-5176-48D3-B176-4B5C8A81D542}"
EndProject
Project("{FAE04EC0-301F-11D3-BF4B-00C04F79EFBC}") = "Jarvis.Capabilities.Tests", "src\Jarvis.Capabilities.Tests\Jarvis.Capabilities.Tests.csproj", "{E1769A3B-28D0-40D0-8A91-B9C472207E13}"
EndProject
Project("{FAE04EC0-301F-11D3-BF4B-00C04F79EFBC}") = "Jarvis.Developer", "src\Jarvis.Developer\Jarvis.Developer.csproj", "{BEB6F176-4362-4CC6-B257-2A8EF31077F3}"
EndProject
Project("{FAE04EC0-301F-11D3-BF4B-00C04F79EFBC}") = "Jarvis.Developer.Tests", "src\Jarvis.Developer.Tests\Jarvis.Developer.Tests.csproj", "{B87C0F46-8F2C-44DF-9FEC-9D2FA74400E0}"
EndProject
Project("{FAE04EC0-301F-11D3-BF4B-00C04F79EFBC}") = "Jarvis.MissionIntelligence", "src\Jarvis.MissionIntelligence\Jarvis.MissionIntelligence.csproj", "{8CA06D0A-6137-4989-8750-78382C3E01B1}"
EndProject
Project("{FAE04EC0-301F-11D3-BF4B-00C04F79EFBC}") = "Jarvis.VisualEngineering", "src\Jarvis.VisualEngineering\Jarvis.VisualEngineering.csproj", "{876B6626-A2F1-40BE-AB9C-A0D052BF610A}"
EndProject
Project("{FAE04EC0-301F-11D3-BF4B-00C04F79EFBC}") = "Jarvis.Media", "src\Jarvis.Media\Jarvis.Media.csproj", "{6F8E5555-A843-4377-9A53-EA3184EC3178}"
EndProject
Project("{FAE04EC0-301F-11D3-BF4B-00C04F79EFBC}") = "Jarvis.MissionIntelligence.Tests", "src\Jarvis.MissionIntelligence.Tests\Jarvis.MissionIntelligence.Tests.csproj", "{3F7C7840-910E-4467-B0F3-6D41791A09B7}"
EndProject
Project("{2150E333-8FDC-42A3-9474-1A3956D46DE8}") = "src", "src", "{827E0CD3-B72D-47B6-A68D-7590B98EB39B}"
EndProject
Project("{FAE04EC0-301F-11D3-BF4B-00C04F79EFBC}") = "Jarvis.Realtime", "src\Jarvis.Realtime\Jarvis.Realtime.csproj", "{8206F247-F218-4B42-939A-3B303DC103A1}"
EndProject
Project("{FAE04EC0-301F-11D3-BF4B-00C04F79EFBC}") = "Jarvis.Realtime.Tests", "src\Jarvis.Realtime.Tests\Jarvis.Realtime.Tests.csproj", "{A8B231FE-48E1-43E4-8538-B20530F2EC84}"
EndProject
Project("{FAE04EC0-301F-11D3-BF4B-00C04F79EFBC}") = "Jarvis.Governance", "src\Jarvis.Governance\Jarvis.Governance.csproj", "{9AC123C6-A46F-4EA3-965F-1443CDDF45DC}"
EndProject
Project("{FAE04EC0-301F-11D3-BF4B-00C04F79EFBC}") = "Jarvis.Media.Tests", "src\Jarvis.Media.Tests\Jarvis.Media.Tests.csproj", "{D25EDAAE-F836-46B2-94DA-3B385163670D}"
EndProject
Project("{FAE04EC0-301F-11D3-BF4B-00C04F79EFBC}") = "Jarvis.Computer", "src\Jarvis.Computer\Jarvis.Computer.csproj", "{F328446C-6C7D-438E-A296-4F3796691647}"
EndProject
Project("{FAE04EC0-301F-11D3-BF4B-00C04F79EFBC}") = "Jarvis.Computer.Tests", "src\Jarvis.Computer.Tests\Jarvis.Computer.Tests.csproj", "{72168141-8CC9-4261-9D75-8C110A3A885A}"
EndProject
Project("{FAE04EC0-301F-11D3-BF4B-00C04F79EFBC}") = "Jarvis.AppBuilder", "src\Jarvis.AppBuilder\Jarvis.AppBuilder.csproj", "{24FB7992-2D25-4553-87E4-7600929D6DA1}"
EndProject
Project("{FAE04EC0-301F-11D3-BF4B-00C04F79EFBC}") = "Jarvis.AppBuilder.Tests", "src\Jarvis.AppBuilder.Tests\Jarvis.AppBuilder.Tests.csproj", "{BE68015F-5D91-4F41-B127-763BEB24CFCE}"
EndProject
Global
	GlobalSection(SolutionConfigurationPlatforms) = preSolution
		Debug|x64 = Debug|x64
		Debug|Any CPU = Debug|Any CPU
		Debug|x86 = Debug|x86
		Release|x64 = Release|x64
		Release|Any CPU = Release|Any CPU
		Release|x86 = Release|x86
	EndGlobalSection
	GlobalSection(ProjectConfigurationPlatforms) = postSolution
		{A0D89D7D-7C0E-4E5A-A6EA-7E2E57B7D1F0}.Debug|x64.ActiveCfg = Debug|x64
		{A0D89D7D-7C0E-4E5A-A6EA-7E2E57B7D1F0}.Debug|x64.Build.0 = Debug|x64
		{A0D89D7D-7C0E-4E5A-A6EA-7E2E57B7D1F0}.Debug|Any CPU.ActiveCfg = Debug|Any CPU
		{A0D89D7D-7C0E-4E5A-A6EA-7E2E57B7D1F0}.Debug|Any CPU.Build.0 = Debug|Any CPU
		{A0D89D7D-7C0E-4E5A-A6EA-7E2E57B7D1F0}.Debug|x86.ActiveCfg = Debug|Any CPU
		{A0D89D7D-7C0E-4E5A-A6EA-7E2E57B7D1F0}.Debug|x86.Build.0 = Debug|Any CPU
		{A0D89D7D-7C0E-4E5A-A6EA-7E2E57B7D1F0}.Release|x64.ActiveCfg = Release|x64
		{A0D89D7D-7C0E-4E5A-A6EA-7E2E57B7D1F0}.Release|x64.Build.0 = Release|x64
		{A0D89D7D-7C0E-4E5A-A6EA-7E2E57B7D1F0}.Release|Any CPU.ActiveCfg = Release|Any CPU
		{A0D89D7D-7C0E-4E5A-A6EA-7E2E57B7D1F0}.Release|Any CPU.Build.0 = Release|Any CPU
		{A0D89D7D-7C0E-4E5A-A6EA-7E2E57B7D1F0}.Release|x86.ActiveCfg = Release|Any CPU
		{A0D89D7D-7C0E-4E5A-A6EA-7E2E57B7D1F0}.Release|x86.Build.0 = Release|Any CPU
		{F90A34D2-1B46-4D0B-9FAE-9D5C8AFB3B20}.Debug|x64.ActiveCfg = Debug|x64
		{F90A34D2-1B46-4D0B-9FAE-9D5C8AFB3B20}.Debug|x64.Build.0 = Debug|x64
		{F90A34D2-1B46-4D0B-9FAE-9D5C8AFB3B20}.Debug|Any CPU.ActiveCfg = Debug|Any CPU
		{F90A34D2-1B46-4D0B-9FAE-9D5C8AFB3B20}.Debug|Any CPU.Build.0 = Debug|Any CPU
		{F90A34D2-1B46-4D0B-9FAE-9D5C8AFB3B20}.Debug|x86.ActiveCfg = Debug|Any CPU
		{F90A34D2-1B46-4D0B-9FAE-9D5C8AFB3B20}.Debug|x86.Build.0 = Debug|Any CPU
		{F90A34D2-1B46-4D0B-9FAE-9D5C8AFB3B20}.Release|x64.ActiveCfg = Release|x64
		{F90A34D2-1B46-4D0B-9FAE-9D5C8AFB3B20}.Release|x64.Build.0 = Release|x64
		{F90A34D2-1B46-4D0B-9FAE-9D5C8AFB3B20}.Release|Any CPU.ActiveCfg = Release|Any CPU
		{F90A34D2-1B46-4D0B-9FAE-9D5C8AFB3B20}.Release|Any CPU.Build.0 = Release|Any CPU
		{F90A34D2-1B46-4D0B-9FAE-9D5C8AFB3B20}.Release|x86.ActiveCfg = Release|Any CPU
		{F90A34D2-1B46-4D0B-9FAE-9D5C8AFB3B20}.Release|x86.Build.0 = Release|Any CPU
		{C773C8D5-1C4E-4E6F-9E5C-97C2E830A2CF}.Debug|x64.ActiveCfg = Debug|x64
		{C773C8D5-1C4E-4E6F-9E5C-97C2E830A2CF}.Debug|x64.Build.0 = Debug|x64
		{C773C8D5-1C4E-4E6F-9E5C-97C2E830A2CF}.Debug|Any CPU.ActiveCfg = Debug|Any CPU
		{C773C8D5-1C4E-4E6F-9E5C-97C2E830A2CF}.Debug|Any CPU.Build.0 = Debug|Any CPU
		{C773C8D5-1C4E-4E6F-9E5C-97C2E830A2CF}.Debug|x86.ActiveCfg = Debug|Any CPU
		{C773C8D5-1C4E-4E6F-9E5C-97C2E830A2CF}.Debug|x86.Build.0 = Debug|Any CPU
		{C773C8D5-1C4E-4E6F-9E5C-97C2E830A2CF}.Release|x64.ActiveCfg = Release|x64
		{C773C8D5-1C4E-4E6F-9E5C-97C2E830A2CF}.Release|x64.Build.0 = Release|x64
		{C773C8D5-1C4E-4E6F-9E5C-97C2E830A2CF}.Release|Any CPU.ActiveCfg = Release|Any CPU
		{C773C8D5-1C4E-4E6F-9E5C-97C2E830A2CF}.Release|Any CPU.Build.0 = Release|Any CPU
		{C773C8D5-1C4E-4E6F-9E5C-97C2E830A2CF}.Release|x86.ActiveCfg = Release|Any CPU
		{C773C8D5-1C4E-4E6F-9E5C-97C2E830A2CF}.Release|x86.Build.0 = Release|Any CPU
		{1F74EE0D-52EE-4E0C-9445-8D4A3E6E5DBA}.Debug|x64.ActiveCfg = Debug|x64
		{1F74EE0D-52EE-4E0C-9445-8D4A3E6E5DBA}.Debug|x64.Build.0 = Debug|x64
		{1F74EE0D-52EE-4E0C-9445-8D4A3E6E5DBA}.Debug|Any CPU.ActiveCfg = Debug|Any CPU
		{1F74EE0D-52EE-4E0C-9445-8D4A3E6E5DBA}.Debug|Any CPU.Build.0 = Debug|Any CPU
		{1F74EE0D-52EE-4E0C-9445-8D4A3E6E5DBA}.Debug|x86.ActiveCfg = Debug|Any CPU
		{1F74EE0D-52EE-4E0C-9445-8D4A3E6E5DBA}.Debug|x86.Build.0 = Debug|Any CPU
		{1F74EE0D-52EE-4E0C-9445-8D4A3E6E5DBA}.Release|x64.ActiveCfg = Release|x64
		{1F74EE0D-52EE-4E0C-9445-8D4A3E6E5DBA}.Release|x64.Build.0 = Release|x64
		{1F74EE0D-52EE-4E0C-9445-8D4A3E6E5DBA}.Release|Any CPU.ActiveCfg = Release|Any CPU
		{1F74EE0D-52EE-4E0C-9445-8D4A3E6E5DBA}.Release|Any CPU.Build.0 = Release|Any CPU
		{1F74EE0D-52EE-4E0C-9445-8D4A3E6E5DBA}.Release|x86.ActiveCfg = Release|Any CPU
		{1F74EE0D-52EE-4E0C-9445-8D4A3E6E5DBA}.Release|x86.Build.0 = Release|Any CPU
		{836B4E79-025C-4FBD-A63E-0A8F97B6D941}.Debug|x64.ActiveCfg = Debug|x64
		{836B4E79-025C-4FBD-A63E-0A8F97B6D941}.Debug|x64.Build.0 = Debug|x64
		{836B4E79-025C-4FBD-A63E-0A8F97B6D941}.Debug|Any CPU.ActiveCfg = Debug|Any CPU
		{836B4E79-025C-4FBD-A63E-0A8F97B6D941}.Debug|Any CPU.Build.0 = Debug|Any CPU
		{836B4E79-025C-4FBD-A63E-0A8F97B6D941}.Debug|x86.ActiveCfg = Debug|Any CPU
		{836B4E79-025C-4FBD-A63E-0A8F97B6D941}.Debug|x86.Build.0 = Debug|Any CPU
		{836B4E79-025C-4FBD-A63E-0A8F97B6D941}.Release|x64.ActiveCfg = Release|x64
		{836B4E79-025C-4FBD-A63E-0A8F97B6D941}.Release|x64.Build.0 = Release|x64
		{836B4E79-025C-4FBD-A63E-0A8F97B6D941}.Release|Any CPU.ActiveCfg = Release|Any CPU
		{836B4E79-025C-4FBD-A63E-0A8F97B6D941}.Release|Any CPU.Build.0 = Release|Any CPU
		{836B4E79-025C-4FBD-A63E-0A8F97B6D941}.Release|x86.ActiveCfg = Release|Any CPU
		{836B4E79-025C-4FBD-A63E-0A8F97B6D941}.Release|x86.Build.0 = Release|Any CPU
		{44A503A1-D727-423E-9475-47393E73CA6B}.Debug|x64.ActiveCfg = Debug|x64
		{44A503A1-D727-423E-9475-47393E73CA6B}.Debug|x64.Build.0 = Debug|x64
		{44A503A1-D727-423E-9475-47393E73CA6B}.Debug|Any CPU.ActiveCfg = Debug|Any CPU
		{44A503A1-D727-423E-9475-47393E73CA6B}.Debug|Any CPU.Build.0 = Debug|Any CPU
		{44A503A1-D727-423E-9475-47393E73CA6B}.Debug|x86.ActiveCfg = Debug|Any CPU
		{44A503A1-D727-423E-9475-47393E73CA6B}.Debug|x86.Build.0 = Debug|Any CPU
		{44A503A1-D727-423E-9475-47393E73CA6B}.Release|x64.ActiveCfg = Release|x64
		{44A503A1-D727-423E-9475-47393E73CA6B}.Release|x64.Build.0 = Release|x64
		{44A503A1-D727-423E-9475-47393E73CA6B}.Release|Any CPU.ActiveCfg = Release|Any CPU
		{44A503A1-D727-423E-9475-47393E73CA6B}.Release|Any CPU.Build.0 = Release|Any CPU
		{44A503A1-D727-423E-9475-47393E73CA6B}.Release|x86.ActiveCfg = Release|Any CPU
		{44A503A1-D727-423E-9475-47393E73CA6B}.Release|x86.Build.0 = Release|Any CPU
		{4593D766-5176-48D3-B176-4B5C8A81D542}.Debug|x64.ActiveCfg = Debug|x64
		{4593D766-5176-48D3-B176-4B5C8A81D542}.Debug|x64.Build.0 = Debug|x64
		{4593D766-5176-48D3-B176-4B5C8A81D542}.Debug|Any CPU.ActiveCfg = Debug|Any CPU
		{4593D766-5176-48D3-B176-4B5C8A81D542}.Debug|Any CPU.Build.0 = Debug|Any CPU
		{4593D766-5176-48D3-B176-4B5C8A81D542}.Debug|x86.ActiveCfg = Debug|Any CPU
		{4593D766-5176-48D3-B176-4B5C8A81D542}.Debug|x86.Build.0 = Debug|Any CPU
		{4593D766-5176-48D3-B176-4B5C8A81D542}.Release|x64.ActiveCfg = Release|x64
		{4593D766-5176-48D3-B176-4B5C8A81D542}.Release|x64.Build.0 = Release|x64
		{4593D766-5176-48D3-B176-4B5C8A81D542}.Release|Any CPU.ActiveCfg = Release|Any CPU
		{4593D766-5176-48D3-B176-4B5C8A81D542}.Release|Any CPU.Build.0 = Release|Any CPU
		{4593D766-5176-48D3-B176-4B5C8A81D542}.Release|x86.ActiveCfg = Release|Any CPU
		{4593D766-5176-48D3-B176-4B5C8A81D542}.Release|x86.Build.0 = Release|Any CPU
		{E1769A3B-28D0-40D0-8A91-B9C472207E13}.Debug|x64.ActiveCfg = Debug|x64
		{E1769A3B-28D0-40D0-8A91-B9C472207E13}.Debug|x64.Build.0 = Debug|x64
		{E1769A3B-28D0-40D0-8A91-B9C472207E13}.Debug|Any CPU.ActiveCfg = Debug|Any CPU
		{E1769A3B-28D0-40D0-8A91-B9C472207E13}.Debug|Any CPU.Build.0 = Debug|Any CPU
		{E1769A3B-28D0-40D0-8A91-B9C472207E13}.Debug|x86.ActiveCfg = Debug|Any CPU
		{E1769A3B-28D0-40D0-8A91-B9C472207E13}.Debug|x86.Build.0 = Debug|Any CPU
		{E1769A3B-28D0-40D0-8A91-B9C472207E13}.Release|x64.ActiveCfg = Release|x64
		{E1769A3B-28D0-40D0-8A91-B9C472207E13}.Release|x64.Build.0 = Release|x64
		{E1769A3B-28D0-40D0-8A91-B9C472207E13}.Release|Any CPU.ActiveCfg = Release|Any CPU
		{E1769A3B-28D0-40D0-8A91-B9C472207E13}.Release|Any CPU.Build.0 = Release|Any CPU
		{E1769A3B-28D0-40D0-8A91-B9C472207E13}.Release|x86.ActiveCfg = Release|Any CPU
		{E1769A3B-28D0-40D0-8A91-B9C472207E13}.Release|x86.Build.0 = Release|Any CPU
		{BEB6F176-4362-4CC6-B257-2A8EF31077F3}.Debug|x64.ActiveCfg = Debug|x64
		{BEB6F176-4362-4CC6-B257-2A8EF31077F3}.Debug|x64.Build.0 = Debug|x64
		{BEB6F176-4362-4CC6-B257-2A8EF31077F3}.Debug|Any CPU.ActiveCfg = Debug|Any CPU
		{BEB6F176-4362-4CC6-B257-2A8EF31077F3}.Debug|Any CPU.Build.0 = Debug|Any CPU
		{BEB6F176-4362-4CC6-B257-2A8EF31077F3}.Debug|x86.ActiveCfg = Debug|Any CPU
		{BEB6F176-4362-4CC6-B257-2A8EF31077F3}.Debug|x86.Build.0 = Debug|Any CPU
		{BEB6F176-4362-4CC6-B257-2A8EF31077F3}.Release|x64.ActiveCfg = Release|x64
		{BEB6F176-4362-4CC6-B257-2A8EF31077F3}.Release|x64.Build.0 = Release|x64
		{BEB6F176-4362-4CC6-B257-2A8EF31077F3}.Release|Any CPU.ActiveCfg = Release|Any CPU
		{BEB6F176-4362-4CC6-B257-2A8EF31077F3}.Release|Any CPU.Build.0 = Release|Any CPU
		{BEB6F176-4362-4CC6-B257-2A8EF31077F3}.Release|x86.ActiveCfg = Release|Any CPU
		{BEB6F176-4362-4CC6-B257-2A8EF31077F3}.Release|x86.Build.0 = Release|Any CPU
		{B87C0F46-8F2C-44DF-9FEC-9D2FA74400E0}.Debug|x64.ActiveCfg = Debug|x64
		{B87C0F46-8F2C-44DF-9FEC-9D2FA74400E0}.Debug|x64.Build.0 = Debug|x64
		{B87C0F46-8F2C-44DF-9FEC-9D2FA74400E0}.Debug|Any CPU.ActiveCfg = Debug|Any CPU
		{B87C0F46-8F2C-44DF-9FEC-9D2FA74400E0}.Debug|Any CPU.Build.0 = Debug|Any CPU
		{B87C0F46-8F2C-44DF-9FEC-9D2FA74400E0}.Debug|x86.ActiveCfg = Debug|Any CPU
		{B87C0F46-8F2C-44DF-9FEC-9D2FA74400E0}.Debug|x86.Build.0 = Debug|Any CPU
		{B87C0F46-8F2C-44DF-9FEC-9D2FA74400E0}.Release|x64.ActiveCfg = Release|x64
		{B87C0F46-8F2C-44DF-9FEC-9D2FA74400E0}.Release|x64.Build.0 = Release|x64
		{B87C0F46-8F2C-44DF-9FEC-9D2FA74400E0}.Release|Any CPU.ActiveCfg = Release|Any CPU
		{B87C0F46-8F2C-44DF-9FEC-9D2FA74400E0}.Release|Any CPU.Build.0 = Release|Any CPU
		{B87C0F46-8F2C-44DF-9FEC-9D2FA74400E0}.Release|x86.ActiveCfg = Release|Any CPU
		{B87C0F46-8F2C-44DF-9FEC-9D2FA74400E0}.Release|x86.Build.0 = Release|Any CPU
		{8CA06D0A-6137-4989-8750-78382C3E01B1}.Debug|x64.ActiveCfg = Debug|x64
		{8CA06D0A-6137-4989-8750-78382C3E01B1}.Debug|x64.Build.0 = Debug|x64
		{8CA06D0A-6137-4989-8750-78382C3E01B1}.Debug|Any CPU.ActiveCfg = Debug|Any CPU
		{8CA06D0A-6137-4989-8750-78382C3E01B1}.Debug|Any CPU.Build.0 = Debug|Any CPU
		{8CA06D0A-6137-4989-8750-78382C3E01B1}.Debug|x86.ActiveCfg = Debug|Any CPU
		{8CA06D0A-6137-4989-8750-78382C3E01B1}.Debug|x86.Build.0 = Debug|Any CPU
		{8CA06D0A-6137-4989-8750-78382C3E01B1}.Release|x64.ActiveCfg = Release|x64
		{8CA06D0A-6137-4989-8750-78382C3E01B1}.Release|x64.Build.0 = Release|x64
		{8CA06D0A-6137-4989-8750-78382C3E01B1}.Release|Any CPU.ActiveCfg = Release|Any CPU
		{8CA06D0A-6137-4989-8750-78382C3E01B1}.Release|Any CPU.Build.0 = Release|Any CPU
		{8CA06D0A-6137-4989-8750-78382C3E01B1}.Release|x86.ActiveCfg = Release|Any CPU
		{8CA06D0A-6137-4989-8750-78382C3E01B1}.Release|x86.Build.0 = Release|Any CPU
		{876B6626-A2F1-40BE-AB9C-A0D052BF610A}.Debug|x64.ActiveCfg = Debug|x64
		{876B6626-A2F1-40BE-AB9C-A0D052BF610A}.Debug|x64.Build.0 = Debug|x64
		{876B6626-A2F1-40BE-AB9C-A0D052BF610A}.Debug|Any CPU.ActiveCfg = Debug|Any CPU
		{876B6626-A2F1-40BE-AB9C-A0D052BF610A}.Debug|Any CPU.Build.0 = Debug|Any CPU
		{876B6626-A2F1-40BE-AB9C-A0D052BF610A}.Debug|x86.ActiveCfg = Debug|Any CPU
		{876B6626-A2F1-40BE-AB9C-A0D052BF610A}.Debug|x86.Build.0 = Debug|Any CPU
		{876B6626-A2F1-40BE-AB9C-A0D052BF610A}.Release|x64.ActiveCfg = Release|x64
		{876B6626-A2F1-40BE-AB9C-A0D052BF610A}.Release|x64.Build.0 = Release|x64
		{876B6626-A2F1-40BE-AB9C-A0D052BF610A}.Release|Any CPU.ActiveCfg = Release|Any CPU
		{876B6626-A2F1-40BE-AB9C-A0D052BF610A}.Release|Any CPU.Build.0 = Release|Any CPU
		{876B6626-A2F1-40BE-AB9C-A0D052BF610A}.Release|x86.ActiveCfg = Release|Any CPU
		{876B6626-A2F1-40BE-AB9C-A0D052BF610A}.Release|x86.Build.0 = Release|Any CPU
		{6F8E5555-A843-4377-9A53-EA3184EC3178}.Debug|x64.ActiveCfg = Debug|x64
		{6F8E5555-A843-4377-9A53-EA3184EC3178}.Debug|x64.Build.0 = Debug|x64
		{6F8E5555-A843-4377-9A53-EA3184EC3178}.Debug|Any CPU.ActiveCfg = Debug|Any CPU
		{6F8E5555-A843-4377-9A53-EA3184EC3178}.Debug|Any CPU.Build.0 = Debug|Any CPU
		{6F8E5555-A843-4377-9A53-EA3184EC3178}.Debug|x86.ActiveCfg = Debug|Any CPU
		{6F8E5555-A843-4377-9A53-EA3184EC3178}.Debug|x86.Build.0 = Debug|Any CPU
		{6F8E5555-A843-4377-9A53-EA3184EC3178}.Release|x64.ActiveCfg = Release|x64
		{6F8E5555-A843-4377-9A53-EA3184EC3178}.Release|x64.Build.0 = Release|x64
		{6F8E5555-A843-4377-9A53-EA3184EC3178}.Release|Any CPU.ActiveCfg = Release|Any CPU
		{6F8E5555-A843-4377-9A53-EA3184EC3178}.Release|Any CPU.Build.0 = Release|Any CPU
		{6F8E5555-A843-4377-9A53-EA3184EC3178}.Release|x86.ActiveCfg = Release|Any CPU
		{6F8E5555-A843-4377-9A53-EA3184EC3178}.Release|x86.Build.0 = Release|Any CPU
		{3F7C7840-910E-4467-B0F3-6D41791A09B7}.Debug|x64.ActiveCfg = Debug|x64
		{3F7C7840-910E-4467-B0F3-6D41791A09B7}.Debug|x64.Build.0 = Debug|x64
		{3F7C7840-910E-4467-B0F3-6D41791A09B7}.Debug|Any CPU.ActiveCfg = Debug|Any CPU
		{3F7C7840-910E-4467-B0F3-6D41791A09B7}.Debug|Any CPU.Build.0 = Debug|Any CPU
		{3F7C7840-910E-4467-B0F3-6D41791A09B7}.Debug|x86.ActiveCfg = Debug|Any CPU
		{3F7C7840-910E-4467-B0F3-6D41791A09B7}.Debug|x86.Build.0 = Debug|Any CPU
		{3F7C7840-910E-4467-B0F3-6D41791A09B7}.Release|x64.ActiveCfg = Release|x64
		{3F7C7840-910E-4467-B0F3-6D41791A09B7}.Release|x64.Build.0 = Release|x64
		{3F7C7840-910E-4467-B0F3-6D41791A09B7}.Release|Any CPU.ActiveCfg = Release|Any CPU
		{3F7C7840-910E-4467-B0F3-6D41791A09B7}.Release|Any CPU.Build.0 = Release|Any CPU
		{3F7C7840-910E-4467-B0F3-6D41791A09B7}.Release|x86.ActiveCfg = Release|Any CPU
		{3F7C7840-910E-4467-B0F3-6D41791A09B7}.Release|x86.Build.0 = Release|Any CPU
		{8206F247-F218-4B42-939A-3B303DC103A1}.Debug|x64.ActiveCfg = Debug|x64
		{8206F247-F218-4B42-939A-3B303DC103A1}.Debug|x64.Build.0 = Debug|x64
		{8206F247-F218-4B42-939A-3B303DC103A1}.Debug|Any CPU.ActiveCfg = Debug|x64
		{8206F247-F218-4B42-939A-3B303DC103A1}.Debug|Any CPU.Build.0 = Debug|x64
		{8206F247-F218-4B42-939A-3B303DC103A1}.Debug|x86.ActiveCfg = Debug|x64
		{8206F247-F218-4B42-939A-3B303DC103A1}.Debug|x86.Build.0 = Debug|x64
		{8206F247-F218-4B42-939A-3B303DC103A1}.Release|x64.ActiveCfg = Release|x64
		{8206F247-F218-4B42-939A-3B303DC103A1}.Release|x64.Build.0 = Release|x64
		{8206F247-F218-4B42-939A-3B303DC103A1}.Release|Any CPU.ActiveCfg = Release|x64
		{8206F247-F218-4B42-939A-3B303DC103A1}.Release|Any CPU.Build.0 = Release|x64
		{8206F247-F218-4B42-939A-3B303DC103A1}.Release|x86.ActiveCfg = Release|x64
		{8206F247-F218-4B42-939A-3B303DC103A1}.Release|x86.Build.0 = Release|x64
		{A8B231FE-48E1-43E4-8538-B20530F2EC84}.Debug|x64.ActiveCfg = Debug|x64
		{A8B231FE-48E1-43E4-8538-B20530F2EC84}.Debug|x64.Build.0 = Debug|x64
		{A8B231FE-48E1-43E4-8538-B20530F2EC84}.Debug|Any CPU.ActiveCfg = Debug|x64
		{A8B231FE-48E1-43E4-8538-B20530F2EC84}.Debug|Any CPU.Build.0 = Debug|x64
		{A8B231FE-48E1-43E4-8538-B20530F2EC84}.Debug|x86.ActiveCfg = Debug|x64
		{A8B231FE-48E1-43E4-8538-B20530F2EC84}.Debug|x86.Build.0 = Debug|x64
		{A8B231FE-48E1-43E4-8538-B20530F2EC84}.Release|x64.ActiveCfg = Release|x64
		{A8B231FE-48E1-43E4-8538-B20530F2EC84}.Release|x64.Build.0 = Release|x64
		{A8B231FE-48E1-43E4-8538-B20530F2EC84}.Release|Any CPU.ActiveCfg = Release|x64
		{A8B231FE-48E1-43E4-8538-B20530F2EC84}.Release|Any CPU.Build.0 = Release|x64
		{A8B231FE-48E1-43E4-8538-B20530F2EC84}.Release|x86.ActiveCfg = Release|x64
		{A8B231FE-48E1-43E4-8538-B20530F2EC84}.Release|x86.Build.0 = Release|x64
		{9AC123C6-A46F-4EA3-965F-1443CDDF45DC}.Debug|x64.ActiveCfg = Debug|x64
		{9AC123C6-A46F-4EA3-965F-1443CDDF45DC}.Debug|x64.Build.0 = Debug|x64
		{9AC123C6-A46F-4EA3-965F-1443CDDF45DC}.Debug|Any CPU.ActiveCfg = Debug|x64
		{9AC123C6-A46F-4EA3-965F-1443CDDF45DC}.Debug|Any CPU.Build.0 = Debug|x64
		{9AC123C6-A46F-4EA3-965F-1443CDDF45DC}.Debug|x86.ActiveCfg = Debug|x64
		{9AC123C6-A46F-4EA3-965F-1443CDDF45DC}.Debug|x86.Build.0 = Debug|x64
		{9AC123C6-A46F-4EA3-965F-1443CDDF45DC}.Release|x64.ActiveCfg = Release|x64
		{9AC123C6-A46F-4EA3-965F-1443CDDF45DC}.Release|x64.Build.0 = Release|x64
		{9AC123C6-A46F-4EA3-965F-1443CDDF45DC}.Release|Any CPU.ActiveCfg = Release|x64
		{9AC123C6-A46F-4EA3-965F-1443CDDF45DC}.Release|Any CPU.Build.0 = Release|x64
		{9AC123C6-A46F-4EA3-965F-1443CDDF45DC}.Release|x86.ActiveCfg = Release|x64
		{9AC123C6-A46F-4EA3-965F-1443CDDF45DC}.Release|x86.Build.0 = Release|x64
		{D25EDAAE-F836-46B2-94DA-3B385163670D}.Debug|x64.ActiveCfg = Debug|x64
		{D25EDAAE-F836-46B2-94DA-3B385163670D}.Debug|x64.Build.0 = Debug|x64
		{D25EDAAE-F836-46B2-94DA-3B385163670D}.Debug|Any CPU.ActiveCfg = Debug|x64
		{D25EDAAE-F836-46B2-94DA-3B385163670D}.Debug|Any CPU.Build.0 = Debug|x64
		{D25EDAAE-F836-46B2-94DA-3B385163670D}.Debug|x86.ActiveCfg = Debug|x64
		{D25EDAAE-F836-46B2-94DA-3B385163670D}.Debug|x86.Build.0 = Debug|x64
		{D25EDAAE-F836-46B2-94DA-3B385163670D}.Release|x64.ActiveCfg = Release|x64
		{D25EDAAE-F836-46B2-94DA-3B385163670D}.Release|x64.Build.0 = Release|x64
		{D25EDAAE-F836-46B2-94DA-3B385163670D}.Release|Any CPU.ActiveCfg = Release|x64
		{D25EDAAE-F836-46B2-94DA-3B385163670D}.Release|Any CPU.Build.0 = Release|x64
		{D25EDAAE-F836-46B2-94DA-3B385163670D}.Release|x86.ActiveCfg = Release|x64
		{D25EDAAE-F836-46B2-94DA-3B385163670D}.Release|x86.Build.0 = Release|x64
		{F328446C-6C7D-438E-A296-4F3796691647}.Debug|x64.ActiveCfg = Debug|x64
		{F328446C-6C7D-438E-A296-4F3796691647}.Debug|x64.Build.0 = Debug|x64
		{F328446C-6C7D-438E-A296-4F3796691647}.Debug|Any CPU.ActiveCfg = Debug|x64
		{F328446C-6C7D-438E-A296-4F3796691647}.Debug|Any CPU.Build.0 = Debug|x64
		{F328446C-6C7D-438E-A296-4F3796691647}.Debug|x86.ActiveCfg = Debug|x64
		{F328446C-6C7D-438E-A296-4F3796691647}.Debug|x86.Build.0 = Debug|x64
		{F328446C-6C7D-438E-A296-4F3796691647}.Release|x64.ActiveCfg = Release|x64
		{F328446C-6C7D-438E-A296-4F3796691647}.Release|x64.Build.0 = Release|x64
		{F328446C-6C7D-438E-A296-4F3796691647}.Release|Any CPU.ActiveCfg = Release|x64
		{F328446C-6C7D-438E-A296-4F3796691647}.Release|Any CPU.Build.0 = Release|x64
		{F328446C-6C7D-438E-A296-4F3796691647}.Release|x86.ActiveCfg = Release|x64
		{F328446C-6C7D-438E-A296-4F3796691647}.Release|x86.Build.0 = Release|x64
		{72168141-8CC9-4261-9D75-8C110A3A885A}.Debug|x64.ActiveCfg = Debug|x64
		{72168141-8CC9-4261-9D75-8C110A3A885A}.Debug|x64.Build.0 = Debug|x64
		{72168141-8CC9-4261-9D75-8C110A3A885A}.Debug|Any CPU.ActiveCfg = Debug|x64
		{72168141-8CC9-4261-9D75-8C110A3A885A}.Debug|Any CPU.Build.0 = Debug|x64
		{72168141-8CC9-4261-9D75-8C110A3A885A}.Debug|x86.ActiveCfg = Debug|x64
		{72168141-8CC9-4261-9D75-8C110A3A885A}.Debug|x86.Build.0 = Debug|x64
		{72168141-8CC9-4261-9D75-8C110A3A885A}.Release|x64.ActiveCfg = Release|x64
		{72168141-8CC9-4261-9D75-8C110A3A885A}.Release|x64.Build.0 = Release|x64
		{72168141-8CC9-4261-9D75-8C110A3A885A}.Release|Any CPU.ActiveCfg = Release|x64
		{72168141-8CC9-4261-9D75-8C110A3A885A}.Release|Any CPU.Build.0 = Release|x64
		{72168141-8CC9-4261-9D75-8C110A3A885A}.Release|x86.ActiveCfg = Release|x64
		{72168141-8CC9-4261-9D75-8C110A3A885A}.Release|x86.Build.0 = Release|x64
		{24FB7992-2D25-4553-87E4-7600929D6DA1}.Debug|x64.ActiveCfg = Debug|x64
		{24FB7992-2D25-4553-87E4-7600929D6DA1}.Debug|x64.Build.0 = Debug|x64
		{24FB7992-2D25-4553-87E4-7600929D6DA1}.Debug|Any CPU.ActiveCfg = Debug|x64
		{24FB7992-2D25-4553-87E4-7600929D6DA1}.Debug|Any CPU.Build.0 = Debug|x64
		{24FB7992-2D25-4553-87E4-7600929D6DA1}.Debug|x86.ActiveCfg = Debug|x64
		{24FB7992-2D25-4553-87E4-7600929D6DA1}.Debug|x86.Build.0 = Debug|x64
		{24FB7992-2D25-4553-87E4-7600929D6DA1}.Release|x64.ActiveCfg = Release|x64
		{24FB7992-2D25-4553-87E4-7600929D6DA1}.Release|x64.Build.0 = Release|x64
		{24FB7992-2D25-4553-87E4-7600929D6DA1}.Release|Any CPU.ActiveCfg = Release|x64
		{24FB7992-2D25-4553-87E4-7600929D6DA1}.Release|Any CPU.Build.0 = Release|x64
		{24FB7992-2D25-4553-87E4-7600929D6DA1}.Release|x86.ActiveCfg = Release|x64
		{24FB7992-2D25-4553-87E4-7600929D6DA1}.Release|x86.Build.0 = Release|x64
		{BE68015F-5D91-4F41-B127-763BEB24CFCE}.Debug|x64.ActiveCfg = Debug|x64
		{BE68015F-5D91-4F41-B127-763BEB24CFCE}.Debug|x64.Build.0 = Debug|x64
		{BE68015F-5D91-4F41-B127-763BEB24CFCE}.Debug|Any CPU.ActiveCfg = Debug|x64
		{BE68015F-5D91-4F41-B127-763BEB24CFCE}.Debug|Any CPU.Build.0 = Debug|x64
		{BE68015F-5D91-4F41-B127-763BEB24CFCE}.Debug|x86.ActiveCfg = Debug|x64
		{BE68015F-5D91-4F41-B127-763BEB24CFCE}.Debug|x86.Build.0 = Debug|x64
		{BE68015F-5D91-4F41-B127-763BEB24CFCE}.Release|x64.ActiveCfg = Release|x64
		{BE68015F-5D91-4F41-B127-763BEB24CFCE}.Release|x64.Build.0 = Release|x64
		{BE68015F-5D91-4F41-B127-763BEB24CFCE}.Release|Any CPU.ActiveCfg = Release|x64
		{BE68015F-5D91-4F41-B127-763BEB24CFCE}.Release|Any CPU.Build.0 = Release|x64
		{BE68015F-5D91-4F41-B127-763BEB24CFCE}.Release|x86.ActiveCfg = Release|x64
		{BE68015F-5D91-4F41-B127-763BEB24CFCE}.Release|x86.Build.0 = Release|x64
	EndGlobalSection
	GlobalSection(SolutionProperties) = preSolution
		HideSolutionNode = FALSE
	EndGlobalSection
	GlobalSection(NestedProjects) = preSolution
		{8206F247-F218-4B42-939A-3B303DC103A1} = {827E0CD3-B72D-47B6-A68D-7590B98EB39B}
		{A8B231FE-48E1-43E4-8538-B20530F2EC84} = {827E0CD3-B72D-47B6-A68D-7590B98EB39B}
		{9AC123C6-A46F-4EA3-965F-1443CDDF45DC} = {827E0CD3-B72D-47B6-A68D-7590B98EB39B}
		{D25EDAAE-F836-46B2-94DA-3B385163670D} = {827E0CD3-B72D-47B6-A68D-7590B98EB39B}
		{F328446C-6C7D-438E-A296-4F3796691647} = {827E0CD3-B72D-47B6-A68D-7590B98EB39B}
		{72168141-8CC9-4261-9D75-8C110A3A885A} = {827E0CD3-B72D-47B6-A68D-7590B98EB39B}
		{24FB7992-2D25-4553-87E4-7600929D6DA1} = {827E0CD3-B72D-47B6-A68D-7590B98EB39B}
		{BE68015F-5D91-4F41-B127-763BEB24CFCE} = {827E0CD3-B72D-47B6-A68D-7590B98EB39B}
	EndGlobalSection
EndGlobal
